<?xml version="1.0" encoding="utf-8"?>
<Project ToolsVersion="4.0" xmlns="http://schemas.microsoft.com/developer/msbuild/2003">
  <ItemGroup>
    <Filter Include="win32">
      <UniqueIdentifier>{84a8ebd7-7cf0-47f6-b75e-d441df67da40}</UniqueIdentifier>
    </Filter>
    <Filter Include="resource">
      <UniqueIdentifier>{715254bc-d70b-4ec5-bf29-467dd3ace079}</UniqueIdentifier>
    </Filter>
    <Filter Include="src">
      <UniqueIdentifier>{bb6c862e-70e9-49d9-81b7-3829a6f50471}</UniqueIdentifier>
    </Filter>
    <Filter Include="src\AppDelegate">
      <UniqueIdentifier>{e9e852e0-3098-47fe-9f2d-399715f3ae47}</UniqueIdentifier>
    </Filter>
    <Filter Include="src\Scenes">
      <UniqueIdentifier>{a6d28fd1-c07a-4930-a9c8-12b781e1f850}</UniqueIdentifier>
    </Filter>
    <Filter Include="src\Framework">
      <UniqueIdentifier>{dfef5ba3-f369-4a55-9b1c-bf2509579e63}</UniqueIdentifier>
    </Filter>
    <Filter Include="src\Scenes\Header Files">
      <UniqueIdentifier>{b84c16bc-e2a7-41a1-9d18-b4ef80f38971}</UniqueIdentifier>
    </Filter>
    <Filter Include="src\Scenes\Source Files">
      <UniqueIdentifier>{1367518a-c3c2-41a7-a534-730122163a82}</UniqueIdentifier>
    </Filter>
    <Filter Include="src\Framework\Header Files">
      <UniqueIdentifier>{cfba422d-074a-451c-b148-bed6e4c9b994}</UniqueIdentifier>
    </Filter>
    <Filter Include="src\Framework\Source Files">
      <UniqueIdentifier>{3e0178fe-e2be-4cbf-9d1c-ada3265f04a7}</UniqueIdentifier>
    </Filter>
  </ItemGroup>
  <ItemGroup>
    <ClCompile Include="main.cpp">
      <Filter>win32</Filter>
    </ClCompile>
    <ClCompile Include="..\Classes\AppDelegate.cpp">
      <Filter>src\AppDelegate</Filter>
    </ClCompile>
    <ClCompile Include="..\Classes\HelloWorldScene.cpp">
      <Filter>src\Scenes\Source Files</Filter>
    </ClCompile>
    <ClCompile Include="..\Classes\MainMenu.cpp">
      <Filter>src\Scenes\Source Files</Filter>
    </ClCompile>
    <ClCompile Include="..\Classes\Tutorial.cpp">
      <Filter>src\Scenes\Source Files</Filter>
    </ClCompile>
    <ClCompile Include="..\Classes\Primitives.cpp">
      <Filter>src\Framework\Source Files</Filter>
    </ClCompile>
    <ClCompile Include="..\Classes\Character.cpp">
      <Filter>src\Framework\Source Files</Filter>
    </ClCompile>
    <ClCompile Include="..\Classes\Collision.cpp">
      <Filter>src\Framework\Source Files</Filter>
    </ClCompile>
    <ClCompile Include="..\Classes\Item.cpp">
      <Filter>src\Framework\Source Files</Filter>
    </ClCompile>
    <ClCompile Include="..\Classes\Mirror.cpp" />
  </ItemGroup>
  <ItemGroup>
    <ClInclude Include="main.h">
      <Filter>win32</Filter>
    </ClInclude>
    <ClInclude Include="..\Classes\AppDelegate.h">
      <Filter>src\AppDelegate</Filter>
    </ClInclude>
    <ClInclude Include="..\Classes\HelloWorldScene.h">
      <Filter>src\Scenes\Header Files</Filter>
    </ClInclude>
    <ClInclude Include="..\Classes\MainMenu.h">
      <Filter>src\Scenes\Header Files</Filter>
    </ClInclude>
    <ClInclude Include="..\Classes\Tutorial.h">
      <Filter>src\Scenes\Header Files</Filter>
    </ClInclude>
    <ClInclude Include="..\Classes\InputDevices.h">
      <Filter>src\Framework\Header Files</Filter>
    </ClInclude>
    <ClInclude Include="..\Classes\Primitives.h">
      <Filter>src\Framework\Header Files</Filter>
    </ClInclude>
    <ClInclude Include="..\Classes\Character.h">
      <Filter>src\Framework\Header Files</Filter>
    </ClInclude>
    <ClInclude Include="..\Classes\Collision.h">
      <Filter>src\Framework\Header Files</Filter>
    </ClInclude>
    <ClInclude Include="..\Classes\Item.h">
      <Filter>src\Framework\Header Files</Filter>
    </ClInclude>
    <ClInclude Include="..\Classes\Mirror.h">
      <Filter>src\Framework\Header Files</Filter>
    </ClInclude>
  </ItemGroup>
  <ItemGroup>
    <ResourceCompile Include="game.rc">
      <Filter>resource</Filter>
    </ResourceCompile>
  </ItemGroup>
</Project>